
Microsoft Visual Studio Solution File, Format Version 12.00
# Visual Studio Version 17
VisualStudioVersion = 17.4.33213.308
MinimumVisualStudioVersion = 10.0.40219.1
Project("{9A19103F-16F7-4668-BE54-9A1E7A4F7556}") = "Summator", "Summator\Summator.csproj", "{5CECD521-E74F-4C87-9E21-00FB17771C32}"
EndProject
Project("{FAE04EC0-301F-11D3-BF4B-00C04F79EFBC}") = "Summator.UnitTests", "Summator.UnitTests\Summator.UnitTests.csproj", "{4ED3B28A-1E3C-42C7-9EED-4735D6430774}"
EndProject
Project("{FAE04EC0-301F-11D3-BF4B-00C04F79EFBC}") = "AverageNumbers", "AverageNumbers\AverageNumbers.csproj", "{3A9FE950-7588-4476-BE6D-98A3DFA935B4}"
EndProject
Global
	GlobalSection(SolutionConfigurationPlatforms) = preSolution
		Debug|Any CPU = Debug|Any CPU
		Release|Any CPU = Release|Any CPU
	EndGlobalSection
	GlobalSection(ProjectConfigurationPlatforms) = postSolution
		{5CECD521-E74F-4C87-9E21-00FB17771C32}.Debug|Any CPU.ActiveCfg = Debug|Any CPU
		{5CECD521-E74F-4C87-9E21-00FB17771C32}.Debug|Any CPU.Build.0 = Debug|Any CPU
		{5CECD521-E74F-4C87-9E21-00FB17771C32}.Release|Any CPU.ActiveCfg = Release|Any CPU
		{5CECD521-E74F-4C87-9E21-00FB17771C32}.Release|Any CPU.Build.0 = Release|Any CPU
		{4ED3B28A-1E3C-42C7-9EED-4735D6430774}.Debug|Any CPU.ActiveCfg = Debug|Any CPU
		{4ED3B28A-1E3C-42C7-9EED-4735D6430774}.Debug|Any CPU.Build.0 = Debug|Any CPU
		{4ED3B28A-1E3C-42C7-9EED-4735D6430774}.Release|Any CPU.ActiveCfg = Release|Any CPU
		{4ED3B28A-1E3C-42C7-9EED-4735D6430774}.Release|Any CPU.Build.0 = Release|Any CPU
		{3A9FE950-7588-4476-BE6D-98A3DFA935B4}.Debug|Any CPU.ActiveCfg = Debug|Any CPU
		{3A9FE950-7588-4476-BE6D-98A3DFA935B4}.Debug|Any CPU.Build.0 = Debug|Any CPU
		{3A9FE950-7588-4476-BE6D-98A3DFA935B4}.Release|Any CPU.ActiveCfg = Release|Any CPU
		{3A9FE950-7588-4476-BE6D-98A3DFA935B4}.Release|Any CPU.Build.0 = Release|Any CPU
	EndGlobalSection
	GlobalSection(SolutionProperties) = preSolution
		HideSolutionNode = FALSE
	EndGlobalSection
	GlobalSection(ExtensibilityGlobals) = postSolution
		SolutionGuid = {B7585F2D-AB66-4DA1-B92A-A969536CC777}
	EndGlobalSection
EndGlobal
